
Microsoft Visual Studio Solution File, Format Version 12.00
# Visual Studio 15
VisualStudioVersion = 15.0.28307.1000
MinimumVisualStudioVersion = 10.0.40219.1
Project("{FAE04EC0-301F-11D3-BF4B-00C04F79EFBC}") = "WebAPI_IdentityPlatformProtection_Example", "WebAPI_IdentityPlatformProtection_Example\WebAPI_IdentityPlatformProtection_Example.csproj", "{BCD46394-426E-491C-843F-0BC817594606}"
EndProject
Project("{FAE04EC0-301F-11D3-BF4B-00C04F79EFBC}") = "TestDaemonClient", "TestDaemonClient\TestDaemonClient.csproj", "{1521E100-9895-4371-BE3B-D199E8776A06}"
EndProject
Global
	GlobalSection(SolutionConfigurationPlatforms) = preSolution
		Debug|Any CPU = Debug|Any CPU
		Release|Any CPU = Release|Any CPU
	EndGlobalSection
	GlobalSection(ProjectConfigurationPlatforms) = postSolution
		{BCD46394-426E-491C-843F-0BC817594606}.Debug|Any CPU.ActiveCfg = Debug|Any CPU
		{BCD46394-426E-491C-843F-0BC817594606}.Debug|Any CPU.Build.0 = Debug|Any CPU
		{BCD46394-426E-491C-843F-0BC817594606}.Release|Any CPU.ActiveCfg = Release|Any CPU
		{BCD46394-426E-491C-843F-0BC817594606}.Release|Any CPU.Build.0 = Release|Any CPU
		{1521E100-9895-4371-BE3B-D199E8776A06}.Debug|Any CPU.ActiveCfg = Debug|Any CPU
		{1521E100-9895-4371-BE3B-D199E8776A06}.Debug|Any CPU.Build.0 = Debug|Any CPU
		{1521E100-9895-4371-BE3B-D199E8776A06}.Release|Any CPU.ActiveCfg = Release|Any CPU
		{1521E100-9895-4371-BE3B-D199E8776A06}.Release|Any CPU.Build.0 = Release|Any CPU
	EndGlobalSection
	GlobalSection(SolutionProperties) = preSolution
		HideSolutionNode = FALSE
	EndGlobalSection
	GlobalSection(ExtensibilityGlobals) = postSolution
		SolutionGuid = {9BB7060A-C89B-458E-8703-BC62F7FFB4D4}
	EndGlobalSection
EndGlobal
